
Microsoft Visual Studio Solution File, Format Version 12.00
# Visual Studio Version 17
VisualStudioVersion = 17.13.35919.96
MinimumVisualStudioVersion = 10.0.40219.1
Project("{FAE04EC0-301F-11D3-BF4B-00C04F79EFBC}") = "Presentation", "Presentation\Presentation.csproj", "{365E458A-0ED1-4CE5-93F3-A4EDBFD657E9}"
EndProject
Project("{FAE04EC0-301F-11D3-BF4B-00C04F79EFBC}") = "Infrastructure", "Infrastructure\Infrastructure.csproj", "{4C1F0344-FBD4-4F78-84DF-2F0B365D62C2}"
EndProject
Project("{FAE04EC0-301F-11D3-BF4B-00C04F79EFBC}") = "Domain", "Domain\Domain.csproj", "{56E27748-4611-4FA1-99F8-F85AAF5205C2}"
EndProject
Project("{FAE04EC0-301F-11D3-BF4B-00C04F79EFBC}") = "Application", "Application\Application.csproj", "{1868B1C0-68B8-4685-8E9B-B08EE3722020}"
EndProject
Global
	GlobalSection(SolutionConfigurationPlatforms) = preSolution
		Debug|Any CPU = Debug|Any CPU
		Debug|x64 = Debug|x64
		Debug|x86 = Debug|x86
		Release|Any CPU = Release|Any CPU
		Release|x64 = Release|x64
		Release|x86 = Release|x86
	EndGlobalSection
	GlobalSection(ProjectConfigurationPlatforms) = postSolution
		{365E458A-0ED1-4CE5-93F3-A4EDBFD657E9}.Debug|Any CPU.ActiveCfg = Debug|Any CPU
		{365E458A-0ED1-4CE5-93F3-A4EDBFD657E9}.Debug|Any CPU.Build.0 = Debug|Any CPU
		{365E458A-0ED1-4CE5-93F3-A4EDBFD657E9}.Debug|x64.ActiveCfg = Debug|Any CPU
		{365E458A-0ED1-4CE5-93F3-A4EDBFD657E9}.Debug|x64.Build.0 = Debug|Any CPU
		{365E458A-0ED1-4CE5-93F3-A4EDBFD657E9}.Debug|x86.ActiveCfg = Debug|Any CPU
		{365E458A-0ED1-4CE5-93F3-A4EDBFD657E9}.Debug|x86.Build.0 = Debug|Any CPU
		{365E458A-0ED1-4CE5-93F3-A4EDBFD657E9}.Release|Any CPU.ActiveCfg = Release|Any CPU
		{365E458A-0ED1-4CE5-93F3-A4EDBFD657E9}.Release|Any CPU.Build.0 = Release|Any CPU
		{365E458A-0ED1-4CE5-93F3-A4EDBFD657E9}.Release|x64.ActiveCfg = Release|Any CPU
		{365E458A-0ED1-4CE5-93F3-A4EDBFD657E9}.Release|x64.Build.0 = Release|Any CPU
		{365E458A-0ED1-4CE5-93F3-A4EDBFD657E9}.Release|x86.ActiveCfg = Release|Any CPU
		{365E458A-0ED1-4CE5-93F3-A4EDBFD657E9}.Release|x86.Build.0 = Release|Any CPU
		{4C1F0344-FBD4-4F78-84DF-2F0B365D62C2}.Debug|Any CPU.ActiveCfg = Debug|Any CPU
		{4C1F0344-FBD4-4F78-84DF-2F0B365D62C2}.Debug|Any CPU.Build.0 = Debug|Any CPU
		{4C1F0344-FBD4-4F78-84DF-2F0B365D62C2}.Debug|x64.ActiveCfg = Debug|Any CPU
		{4C1F0344-FBD4-4F78-84DF-2F0B365D62C2}.Debug|x64.Build.0 = Debug|Any CPU
		{4C1F0344-FBD4-4F78-84DF-2F0B365D62C2}.Debug|x86.ActiveCfg = Debug|Any CPU
		{4C1F0344-FBD4-4F78-84DF-2F0B365D62C2}.Debug|x86.Build.0 = Debug|Any CPU
		{4C1F0344-FBD4-4F78-84DF-2F0B365D62C2}.Release|Any CPU.ActiveCfg = Release|Any CPU
		{4C1F0344-FBD4-4F78-84DF-2F0B365D62C2}.Release|Any CPU.Build.0 = Release|Any CPU
		{4C1F0344-FBD4-4F78-84DF-2F0B365D62C2}.Release|x64.ActiveCfg = Release|Any CPU
		{4C1F0344-FBD4-4F78-84DF-2F0B365D62C2}.Release|x64.Build.0 = Release|Any CPU
		{4C1F0344-FBD4-4F78-84DF-2F0B365D62C2}.Release|x86.ActiveCfg = Release|Any CPU
		{4C1F0344-FBD4-4F78-84DF-2F0B365D62C2}.Release|x86.Build.0 = Release|Any CPU
		{56E27748-4611-4FA1-99F8-F85AAF5205C2}.Debug|Any CPU.ActiveCfg = Debug|Any CPU
		{56E27748-4611-4FA1-99F8-F85AAF5205C2}.Debug|Any CPU.Build.0 = Debug|Any CPU
		{56E27748-4611-4FA1-99F8-F85AAF5205C2}.Debug|x64.ActiveCfg = Debug|Any CPU
		{56E27748-4611-4FA1-99F8-F85AAF5205C2}.Debug|x64.Build.0 = Debug|Any CPU
		{56E27748-4611-4FA1-99F8-F85AAF5205C2}.Debug|x86.ActiveCfg = Debug|Any CPU
		{56E27748-4611-4FA1-99F8-F85AAF5205C2}.Debug|x86.Build.0 = Debug|Any CPU
		{56E27748-4611-4FA1-99F8-F85AAF5205C2}.Release|Any CPU.ActiveCfg = Release|Any CPU
		{56E27748-4611-4FA1-99F8-F85AAF5205C2}.Release|Any CPU.Build.0 = Release|Any CPU
		{56E27748-4611-4FA1-99F8-F85AAF5205C2}.Release|x64.ActiveCfg = Release|Any CPU
		{56E27748-4611-4FA1-99F8-F85AAF5205C2}.Release|x64.Build.0 = Release|Any CPU
		{56E27748-4611-4FA1-99F8-F85AAF5205C2}.Release|x86.ActiveCfg = Release|Any CPU
		{56E27748-4611-4FA1-99F8-F85AAF5205C2}.Release|x86.Build.0 = Release|Any CPU
		{1868B1C0-68B8-4685-8E9B-B08EE3722020}.Debug|Any CPU.ActiveCfg = Debug|Any CPU
		{1868B1C0-68B8-4685-8E9B-B08EE3722020}.Debug|Any CPU.Build.0 = Debug|Any CPU
		{1868B1C0-68B8-4685-8E9B-B08EE3722020}.Debug|x64.ActiveCfg = Debug|Any CPU
		{1868B1C0-68B8-4685-8E9B-B08EE3722020}.Debug|x64.Build.0 = Debug|Any CPU
		{1868B1C0-68B8-4685-8E9B-B08EE3722020}.Debug|x86.ActiveCfg = Debug|Any CPU
		{1868B1C0-68B8-4685-8E9B-B08EE3722020}.Debug|x86.Build.0 = Debug|Any CPU
		{1868B1C0-68B8-4685-8E9B-B08EE3722020}.Release|Any CPU.ActiveCfg = Release|Any CPU
		{1868B1C0-68B8-4685-8E9B-B08EE3722020}.Release|Any CPU.Build.0 = Release|Any CPU
		{1868B1C0-68B8-4685-8E9B-B08EE3722020}.Release|x64.ActiveCfg = Release|Any CPU
		{1868B1C0-68B8-4685-8E9B-B08EE3722020}.Release|x64.Build.0 = Release|Any CPU
		{1868B1C0-68B8-4685-8E9B-B08EE3722020}.Release|x86.ActiveCfg = Release|Any CPU
		{1868B1C0-68B8-4685-8E9B-B08EE3722020}.Release|x86.Build.0 = Release|Any CPU
	EndGlobalSection
	GlobalSection(SolutionProperties) = preSolution
		HideSolutionNode = FALSE
	EndGlobalSection
	GlobalSection(ExtensibilityGlobals) = postSolution
		SolutionGuid = {E29F3357-2109-4226-9C7A-95104244FB94}
	EndGlobalSection
EndGlobal
